
Microsoft Visual Studio Solution File, Format Version 10.00
# Visual Studio 2008
Project("{FAE04EC0-301F-11D3-BF4B-00C04F79EFBC}") = "SpSync.Data.Server", "Sources\SpSync.Data.Server\SpSync.Data.Server.csproj", "{614AAE14-FC12-4CC1-B361-D18E57EBF450}"
EndProject
Project("{FAE04EC0-301F-11D3-BF4B-00C04F79EFBC}") = "SpWSTest", "Sample\SpWSTest\SpWSTest.csproj", "{DAEF1044-035D-4488-B807-38AF057A2711}"
EndProject
Project("{FAE04EC0-301F-11D3-BF4B-00C04F79EFBC}") = "SpCaml.DataAccess", "Sources\SpCaml.DataAccess\SpCaml.DataAccess.csproj", "{82751D53-D545-4BA6-A63E-B2BD82133164}"
EndProject
Project("{FAE04EC0-301F-11D3-BF4B-00C04F79EFBC}") = "SpWSTest.Mobile", "Sample\SpWSTest.Mobile\SpWSTest.Mobile.csproj", "{ECFB0A5F-906E-481E-B059-F1950892DAA6}"
EndProject
Project("{FAE04EC0-301F-11D3-BF4B-00C04F79EFBC}") = "SpSync.Data.Server.Mobile", "Sources\SpSync.Data.Server.Mobile\SpSync.Data.Server.Mobile.csproj", "{43D73E73-54AD-4497-A93C-CEDFF86700F4}"
EndProject
Project("{2150E333-8FDC-42A3-9474-1A3956D46DE8}") = "Mobile 6", "Mobile 6", "{2B8D14E1-7A0F-466C-9D7F-BD2E67FA5D7F}"
EndProject
Project("{2150E333-8FDC-42A3-9474-1A3956D46DE8}") = "Desktop", "Desktop", "{DE09D1B6-FC0B-408A-B21A-FCE98016DABB}"
EndProject
Project("{FAE04EC0-301F-11D3-BF4B-00C04F79EFBC}") = "SpCaml.DataAccess.Mobile", "Sources\SpCaml.DataAccess.Mobile\SpCaml.DataAccess.Mobile.csproj", "{E84E79E5-A86C-4FD6-934E-8FF08D3DDC1C}"
EndProject
Project("{B900F1C2-3D47-4FEC-85B3-04AAF18C3634}") = "MobileSetup", "Setup\MobileSetup\MobileSetup.vddproj", "{C406B40D-BC01-4D47-AC15-F6EF8D7D2CF8}"
EndProject
Project("{FAE04EC0-301F-11D3-BF4B-00C04F79EFBC}") = "SpServerSync.Data", "Sources\SpServerSync.Data\SpServerSync.Data.csproj", "{2C6A7F49-6E7F-4FF2-B633-C067F31CB99F}"
EndProject
Project("{2150E333-8FDC-42A3-9474-1A3956D46DE8}") = "Unit Tests", "Unit Tests", "{645EF4A7-D1F5-4FFE-BF98-B47B2E51E8CA}"
EndProject
Project("{FAE04EC0-301F-11D3-BF4B-00C04F79EFBC}") = "SpServerSync.Data.Tests", "Sources\SpServerSync.Data.Tests\SpServerSync.Data.Tests.csproj", "{03453596-DC8A-47B2-A13D-FB2D0FD59B13}"
EndProject
Project("{2150E333-8FDC-42A3-9474-1A3956D46DE8}") = "Solution Items", "Solution Items", "{EF05603B-AAE5-4BCB-A54D-A960046299A5}"
	ProjectSection(SolutionItems) = preProject
		LocalTestRun.testrunconfig = LocalTestRun.testrunconfig
		SpSync.Data.Server.vsmdi = SpSync.Data.Server.vsmdi
	EndProjectSection
EndProject
Project("{FAE04EC0-301F-11D3-BF4B-00C04F79EFBC}") = "Sp.Data", "Sources\Sp.Data\Sp.Data.csproj", "{1F3E9029-2DAE-47D8-AF9B-21EC92932E0B}"
EndProject
Project("{FAE04EC0-301F-11D3-BF4B-00C04F79EFBC}") = "Sp.Data.Mobile", "Sources\Sp.Data.Mobile\Sp.Data.Mobile.csproj", "{9BC3ABF6-5692-455A-9E13-37F5226B0724}"
EndProject
Project("{FAE04EC0-301F-11D3-BF4B-00C04F79EFBC}") = "SpServerData.Server.Mobile", "Sources\SpServerData.Server.Mobile\SpServerData.Server.Mobile.csproj", "{1BDC761C-3D96-4785-BD31-D99A6CA385A4}"
EndProject
Global
	GlobalSection(TestCaseManagementSettings) = postSolution
		CategoryFile = SpSync.Data.Server.vsmdi
	EndGlobalSection
	GlobalSection(SolutionConfigurationPlatforms) = preSolution
		Debug|Any CPU = Debug|Any CPU
		Release|Any CPU = Release|Any CPU
	EndGlobalSection
	GlobalSection(ProjectConfigurationPlatforms) = postSolution
		{614AAE14-FC12-4CC1-B361-D18E57EBF450}.Debug|Any CPU.ActiveCfg = Debug|Any CPU
		{614AAE14-FC12-4CC1-B361-D18E57EBF450}.Debug|Any CPU.Build.0 = Debug|Any CPU
		{614AAE14-FC12-4CC1-B361-D18E57EBF450}.Release|Any CPU.ActiveCfg = Release|Any CPU
		{614AAE14-FC12-4CC1-B361-D18E57EBF450}.Release|Any CPU.Build.0 = Release|Any CPU
		{DAEF1044-035D-4488-B807-38AF057A2711}.Debug|Any CPU.ActiveCfg = Debug|Any CPU
		{DAEF1044-035D-4488-B807-38AF057A2711}.Debug|Any CPU.Build.0 = Debug|Any CPU
		{DAEF1044-035D-4488-B807-38AF057A2711}.Release|Any CPU.ActiveCfg = Release|Any CPU
		{DAEF1044-035D-4488-B807-38AF057A2711}.Release|Any CPU.Build.0 = Release|Any CPU
		{82751D53-D545-4BA6-A63E-B2BD82133164}.Debug|Any CPU.ActiveCfg = Debug|Any CPU
		{82751D53-D545-4BA6-A63E-B2BD82133164}.Debug|Any CPU.Build.0 = Debug|Any CPU
		{82751D53-D545-4BA6-A63E-B2BD82133164}.Release|Any CPU.ActiveCfg = Release|Any CPU
		{82751D53-D545-4BA6-A63E-B2BD82133164}.Release|Any CPU.Build.0 = Release|Any CPU
		{ECFB0A5F-906E-481E-B059-F1950892DAA6}.Debug|Any CPU.ActiveCfg = Debug|Any CPU
		{ECFB0A5F-906E-481E-B059-F1950892DAA6}.Debug|Any CPU.Build.0 = Debug|Any CPU
		{ECFB0A5F-906E-481E-B059-F1950892DAA6}.Debug|Any CPU.Deploy.0 = Debug|Any CPU
		{ECFB0A5F-906E-481E-B059-F1950892DAA6}.Release|Any CPU.ActiveCfg = Release|Any CPU
		{ECFB0A5F-906E-481E-B059-F1950892DAA6}.Release|Any CPU.Build.0 = Release|Any CPU
		{ECFB0A5F-906E-481E-B059-F1950892DAA6}.Release|Any CPU.Deploy.0 = Release|Any CPU
		{43D73E73-54AD-4497-A93C-CEDFF86700F4}.Debug|Any CPU.ActiveCfg = Debug|Any CPU
		{43D73E73-54AD-4497-A93C-CEDFF86700F4}.Debug|Any CPU.Build.0 = Debug|Any CPU
		{43D73E73-54AD-4497-A93C-CEDFF86700F4}.Release|Any CPU.ActiveCfg = Release|Any CPU
		{43D73E73-54AD-4497-A93C-CEDFF86700F4}.Release|Any CPU.Build.0 = Release|Any CPU
		{E84E79E5-A86C-4FD6-934E-8FF08D3DDC1C}.Debug|Any CPU.ActiveCfg = Debug|Any CPU
		{E84E79E5-A86C-4FD6-934E-8FF08D3DDC1C}.Debug|Any CPU.Build.0 = Debug|Any CPU
		{E84E79E5-A86C-4FD6-934E-8FF08D3DDC1C}.Release|Any CPU.ActiveCfg = Release|Any CPU
		{E84E79E5-A86C-4FD6-934E-8FF08D3DDC1C}.Release|Any CPU.Build.0 = Release|Any CPU
		{C406B40D-BC01-4D47-AC15-F6EF8D7D2CF8}.Debug|Any CPU.ActiveCfg = Debug
		{C406B40D-BC01-4D47-AC15-F6EF8D7D2CF8}.Release|Any CPU.ActiveCfg = Release
		{2C6A7F49-6E7F-4FF2-B633-C067F31CB99F}.Debug|Any CPU.ActiveCfg = Debug|Any CPU
		{2C6A7F49-6E7F-4FF2-B633-C067F31CB99F}.Debug|Any CPU.Build.0 = Debug|Any CPU
		{2C6A7F49-6E7F-4FF2-B633-C067F31CB99F}.Release|Any CPU.ActiveCfg = Release|Any CPU
		{2C6A7F49-6E7F-4FF2-B633-C067F31CB99F}.Release|Any CPU.Build.0 = Release|Any CPU
		{03453596-DC8A-47B2-A13D-FB2D0FD59B13}.Debug|Any CPU.ActiveCfg = Debug|Any CPU
		{03453596-DC8A-47B2-A13D-FB2D0FD59B13}.Debug|Any CPU.Build.0 = Debug|Any CPU
		{03453596-DC8A-47B2-A13D-FB2D0FD59B13}.Release|Any CPU.ActiveCfg = Release|Any CPU
		{03453596-DC8A-47B2-A13D-FB2D0FD59B13}.Release|Any CPU.Build.0 = Release|Any CPU
		{1F3E9029-2DAE-47D8-AF9B-21EC92932E0B}.Debug|Any CPU.ActiveCfg = Debug|Any CPU
		{1F3E9029-2DAE-47D8-AF9B-21EC92932E0B}.Debug|Any CPU.Build.0 = Debug|Any CPU
		{1F3E9029-2DAE-47D8-AF9B-21EC92932E0B}.Release|Any CPU.ActiveCfg = Release|Any CPU
		{1F3E9029-2DAE-47D8-AF9B-21EC92932E0B}.Release|Any CPU.Build.0 = Release|Any CPU
		{9BC3ABF6-5692-455A-9E13-37F5226B0724}.Debug|Any CPU.ActiveCfg = Debug|Any CPU
		{9BC3ABF6-5692-455A-9E13-37F5226B0724}.Debug|Any CPU.Build.0 = Debug|Any CPU
		{9BC3ABF6-5692-455A-9E13-37F5226B0724}.Release|Any CPU.ActiveCfg = Release|Any CPU
		{9BC3ABF6-5692-455A-9E13-37F5226B0724}.Release|Any CPU.Build.0 = Release|Any CPU
		{1BDC761C-3D96-4785-BD31-D99A6CA385A4}.Debug|Any CPU.ActiveCfg = Debug|Any CPU
		{1BDC761C-3D96-4785-BD31-D99A6CA385A4}.Debug|Any CPU.Build.0 = Debug|Any CPU
		{1BDC761C-3D96-4785-BD31-D99A6CA385A4}.Release|Any CPU.ActiveCfg = Release|Any CPU
		{1BDC761C-3D96-4785-BD31-D99A6CA385A4}.Release|Any CPU.Build.0 = Release|Any CPU
	EndGlobalSection
	GlobalSection(SolutionProperties) = preSolution
		HideSolutionNode = FALSE
	EndGlobalSection
	GlobalSection(NestedProjects) = preSolution
		{DAEF1044-035D-4488-B807-38AF057A2711} = {DE09D1B6-FC0B-408A-B21A-FCE98016DABB}
		{82751D53-D545-4BA6-A63E-B2BD82133164} = {DE09D1B6-FC0B-408A-B21A-FCE98016DABB}
		{614AAE14-FC12-4CC1-B361-D18E57EBF450} = {DE09D1B6-FC0B-408A-B21A-FCE98016DABB}
		{2C6A7F49-6E7F-4FF2-B633-C067F31CB99F} = {DE09D1B6-FC0B-408A-B21A-FCE98016DABB}
		{1F3E9029-2DAE-47D8-AF9B-21EC92932E0B} = {DE09D1B6-FC0B-408A-B21A-FCE98016DABB}
		{43D73E73-54AD-4497-A93C-CEDFF86700F4} = {2B8D14E1-7A0F-466C-9D7F-BD2E67FA5D7F}
		{ECFB0A5F-906E-481E-B059-F1950892DAA6} = {2B8D14E1-7A0F-466C-9D7F-BD2E67FA5D7F}
		{E84E79E5-A86C-4FD6-934E-8FF08D3DDC1C} = {2B8D14E1-7A0F-466C-9D7F-BD2E67FA5D7F}
		{C406B40D-BC01-4D47-AC15-F6EF8D7D2CF8} = {2B8D14E1-7A0F-466C-9D7F-BD2E67FA5D7F}
		{9BC3ABF6-5692-455A-9E13-37F5226B0724} = {2B8D14E1-7A0F-466C-9D7F-BD2E67FA5D7F}
		{1BDC761C-3D96-4785-BD31-D99A6CA385A4} = {2B8D14E1-7A0F-466C-9D7F-BD2E67FA5D7F}
		{03453596-DC8A-47B2-A13D-FB2D0FD59B13} = {645EF4A7-D1F5-4FFE-BF98-B47B2E51E8CA}
		{EF05603B-AAE5-4BCB-A54D-A960046299A5} = {645EF4A7-D1F5-4FFE-BF98-B47B2E51E8CA}
	EndGlobalSection
EndGlobal
